NeoBundleLock ros.vim 6ac46d45408e721b2023a38cb43d4fb364a999e4
NeoBundleLock neco-look 28aa7b97677e87399aad2095c69c83a1c71d2f74
NeoBundleLock cpp-vim ed3fc2cb715f7fb2e0793a8ccae599ec2f322740
NeoBundleLock nerdtree f8fd2ecce20f5005e6313ce57d6d2a209890c946
NeoBundleLock neobundle.vim 4a3bb7fb323b62f571c22ff15139fe996dc60ac8
NeoBundleLock neocomplcache d83bcbd0b142eb8de9d669ead26914cd7322a51c
NeoBundleLock syntastic 412d3526abef3bfddaa371e4fc780c1f826a8176
NeoBundleLock grep.vim 852ddb0c6590bbc41c508d7f5d2fc17112492def
NeoBundleLock caw.vim 20b15cfe78ac5cde0e17b495e9256fe1b4577987
NeoBundleLock Align 787662fe90cd057942bc5b682fd70c87e1a9dd77
NeoBundleLock vim-autoclose a9a3b7384657bc1f60a963fd6c08c63fc48d61c3
NeoBundleLock neosnippet-snippets 2e56d928fef8a3124e29a6a49bc43052be3db36a
NeoBundleLock neosnippet 044c9cb8ca46a5e27eec37198990c26fe707b02a
NeoBundleLock vim-quickrun ae97cef42ae142306e9431dce9ab97c4353e5254
